
Microsoft Visual Studio Solution File, Format Version 12.00
# Visual Studio Version 17
VisualStudioVersion = 17.5.33516.290
MinimumVisualStudioVersion = 10.0.40219.1
Project("{FAE04EC0-301F-11D3-BF4B-00C04F79EFBC}") = "PoliceRecordCrime.Web", "PoliceRecordCrime.Web\PoliceRecordCrime.Web.csproj", "{6AC515D3-A6FA-412F-A151-50A0795D85B4}"
EndProject
Project("{FAE04EC0-301F-11D3-BF4B-00C04F79EFBC}") = "PoliceRecordCrime.Models", "PoliceRecordCrime.Models\PoliceRecordCrime.Models.csproj", "{95E33250-E31B-4B8E-BA79-8FE74DFA102F}"
EndProject
Project("{FAE04EC0-301F-11D3-BF4B-00C04F79EFBC}") = "PoliceRecordCrime.Repository", "PoliceRecordCrime.Repository\PoliceRecordCrime.Repository.csproj", "{B90EF971-3D1D-421E-9DC9-0C41A69088DA}"
EndProject
Project("{FAE04EC0-301F-11D3-BF4B-00C04F79EFBC}") = "PoliceRecordCrime.ViewModels", "PoliceRecordCrime.ViewModels\PoliceRecordCrime.ViewModels.csproj", "{31C8BC23-77C5-4A48-A9CF-0CAEB362C3E9}"
EndProject
Global
	GlobalSection(SolutionConfigurationPlatforms) = preSolution
		Debug|Any CPU = Debug|Any CPU
		Release|Any CPU = Release|Any CPU
	EndGlobalSection
	GlobalSection(ProjectConfigurationPlatforms) = postSolution
		{6AC515D3-A6FA-412F-A151-50A0795D85B4}.Debug|Any CPU.ActiveCfg = Debug|Any CPU
		{6AC515D3-A6FA-412F-A151-50A0795D85B4}.Debug|Any CPU.Build.0 = Debug|Any CPU
		{6AC515D3-A6FA-412F-A151-50A0795D85B4}.Release|Any CPU.ActiveCfg = Release|Any CPU
		{6AC515D3-A6FA-412F-A151-50A0795D85B4}.Release|Any CPU.Build.0 = Release|Any CPU
		{95E33250-E31B-4B8E-BA79-8FE74DFA102F}.Debug|Any CPU.ActiveCfg = Debug|Any CPU
		{95E33250-E31B-4B8E-BA79-8FE74DFA102F}.Debug|Any CPU.Build.0 = Debug|Any CPU
		{95E33250-E31B-4B8E-BA79-8FE74DFA102F}.Release|Any CPU.ActiveCfg = Release|Any CPU
		{95E33250-E31B-4B8E-BA79-8FE74DFA102F}.Release|Any CPU.Build.0 = Release|Any CPU
		{B90EF971-3D1D-421E-9DC9-0C41A69088DA}.Debug|Any CPU.ActiveCfg = Debug|Any CPU
		{B90EF971-3D1D-421E-9DC9-0C41A69088DA}.Debug|Any CPU.Build.0 = Debug|Any CPU
		{B90EF971-3D1D-421E-9DC9-0C41A69088DA}.Release|Any CPU.ActiveCfg = Release|Any CPU
		{B90EF971-3D1D-421E-9DC9-0C41A69088DA}.Release|Any CPU.Build.0 = Release|Any CPU
		{31C8BC23-77C5-4A48-A9CF-0CAEB362C3E9}.Debug|Any CPU.ActiveCfg = Debug|Any CPU
		{31C8BC23-77C5-4A48-A9CF-0CAEB362C3E9}.Debug|Any CPU.Build.0 = Debug|Any CPU
		{31C8BC23-77C5-4A48-A9CF-0CAEB362C3E9}.Release|Any CPU.ActiveCfg = Release|Any CPU
		{31C8BC23-77C5-4A48-A9CF-0CAEB362C3E9}.Release|Any CPU.Build.0 = Release|Any CPU
	EndGlobalSection
	GlobalSection(SolutionProperties) = preSolution
		HideSolutionNode = FALSE
	EndGlobalSection
	GlobalSection(ExtensibilityGlobals) = postSolution
		SolutionGuid = {897B9008-A918-40EC-A3C1-B7061CBD3216}
	EndGlobalSection
EndGlobal
